
Microsoft Visual Studio Solution File, Format Version 12.00
# Visual Studio Version 16
VisualStudioVersion = 16.0.29215.179
MinimumVisualStudioVersion = 10.0.40219.1
Project("{FAE04EC0-301F-11D3-BF4B-00C04F79EFBC}") = "hour-min-sec", "hour-min-sec.csproj", "{1264FE7C-B9C1-48E7-8816-EE1F3DDDDF9D}"
EndProject
Global
	GlobalSection(SolutionConfigurationPlatforms) = preSolution
		Debug|Any CPU = Debug|Any CPU
		Release|Any CPU = Release|Any CPU
	EndGlobalSection
	GlobalSection(ProjectConfigurationPlatforms) = postSolution
		{1264FE7C-B9C1-48E7-8816-EE1F3DDDDF9D}.Debug|Any CPU.ActiveCfg = Debug|Any CPU
		{1264FE7C-B9C1-48E7-8816-EE1F3DDDDF9D}.Debug|Any CPU.Build.0 = Debug|Any CPU
		{1264FE7C-B9C1-48E7-8816-EE1F3DDDDF9D}.Release|Any CPU.ActiveCfg = Release|Any CPU
		{1264FE7C-B9C1-48E7-8816-EE1F3DDDDF9D}.Release|Any CPU.Build.0 = Release|Any CPU
	EndGlobalSection
	GlobalSection(SolutionProperties) = preSolution
		HideSolutionNode = FALSE
	EndGlobalSection
	GlobalSection(ExtensibilityGlobals) = postSolution
		SolutionGuid = {E973CAC1-B66F-4972-9112-E822BE76BEEB}
	EndGlobalSection
EndGlobal
